
Microsoft Visual Studio Solution File, Format Version 12.00
# Visual Studio Version 17
VisualStudioVersion = 17.5.33414.496
MinimumVisualStudioVersion = 10.0.40219.1
Project("{888888A0-9F3D-457C-B088-3A5042F75D52}") = "Light_dance_project", "Light_dance_project.pyproj", "{6F234099-3275-45EE-BDBD-B0A0AA609784}"
EndProject
Global
	GlobalSection(SolutionConfigurationPlatforms) = preSolution
		Debug|Any CPU = Debug|Any CPU
		Release|Any CPU = Release|Any CPU
	EndGlobalSection
	GlobalSection(ProjectConfigurationPlatforms) = postSolution
		{6F234099-3275-45EE-BDBD-B0A0AA609784}.Debug|Any CPU.ActiveCfg = Debug|Any CPU
		{6F234099-3275-45EE-BDBD-B0A0AA609784}.Release|Any CPU.ActiveCfg = Release|Any CPU
	EndGlobalSection
	GlobalSection(SolutionProperties) = preSolution
		HideSolutionNode = FALSE
	EndGlobalSection
	GlobalSection(ExtensibilityGlobals) = postSolution
		SolutionGuid = {EF605B4E-D52E-4298-BD05-71F73221783F}
	EndGlobalSection
EndGlobal
